
Microsoft Visual Studio Solution File, Format Version 12.00
Project("{FAE04EC0-301F-11D3-BF4B-00C04F79EFBC}") = "backend-loja-cons", "backend-loja-cons\backend-loja-cons.csproj", "{C8808DEB-A647-4EB2-A271-41015569C1C1}"
EndProject
Global
	GlobalSection(SolutionConfigurationPlatforms) = preSolution
		Debug|Any CPU = Debug|Any CPU
		Release|Any CPU = Release|Any CPU
	EndGlobalSection
	GlobalSection(ProjectConfigurationPlatforms) = postSolution
		{C8808DEB-A647-4EB2-A271-41015569C1C1}.Debug|Any CPU.ActiveCfg = Debug|Any CPU
		{C8808DEB-A647-4EB2-A271-41015569C1C1}.Debug|Any CPU.Build.0 = Debug|Any CPU
		{C8808DEB-A647-4EB2-A271-41015569C1C1}.Release|Any CPU.ActiveCfg = Release|Any CPU
		{C8808DEB-A647-4EB2-A271-41015569C1C1}.Release|Any CPU.Build.0 = Release|Any CPU
	EndGlobalSection
EndGlobal
